
Microsoft Visual Studio Solution File, Format Version 12.00
# Visual Studio Version 16
VisualStudioVersion = 16.0.31112.23
MinimumVisualStudioVersion = 10.0.40219.1
Project("{FAE04EC0-301F-11D3-BF4B-00C04F79EFBC}") = "Rippr", "Rippr\Rippr.csproj", "{999ED82D-64D4-4BDE-A370-104C0143B09F}"
EndProject
Project("{FAE04EC0-301F-11D3-BF4B-00C04F79EFBC}") = "Rippr.Tests", "Rippr.Tests\Rippr.Tests.csproj", "{0E755B5D-0AFB-4BD2-8161-E926BF0A4E0A}"
EndProject
Global
	GlobalSection(SolutionConfigurationPlatforms) = preSolution
		Debug|Any CPU = Debug|Any CPU
		Release|Any CPU = Release|Any CPU
	EndGlobalSection
	GlobalSection(ProjectConfigurationPlatforms) = postSolution
		{999ED82D-64D4-4BDE-A370-104C0143B09F}.Debug|Any CPU.ActiveCfg = Debug|Any CPU
		{999ED82D-64D4-4BDE-A370-104C0143B09F}.Debug|Any CPU.Build.0 = Debug|Any CPU
		{999ED82D-64D4-4BDE-A370-104C0143B09F}.Release|Any CPU.ActiveCfg = Release|Any CPU
		{999ED82D-64D4-4BDE-A370-104C0143B09F}.Release|Any CPU.Build.0 = Release|Any CPU
		{0E755B5D-0AFB-4BD2-8161-E926BF0A4E0A}.Debug|Any CPU.ActiveCfg = Debug|Any CPU
		{0E755B5D-0AFB-4BD2-8161-E926BF0A4E0A}.Debug|Any CPU.Build.0 = Debug|Any CPU
		{0E755B5D-0AFB-4BD2-8161-E926BF0A4E0A}.Release|Any CPU.ActiveCfg = Release|Any CPU
		{0E755B5D-0AFB-4BD2-8161-E926BF0A4E0A}.Release|Any CPU.Build.0 = Release|Any CPU
	EndGlobalSection
	GlobalSection(SolutionProperties) = preSolution
		HideSolutionNode = FALSE
	EndGlobalSection
	GlobalSection(ExtensibilityGlobals) = postSolution
		SolutionGuid = {895ACD06-E307-4EA1-93F6-C28A9E531CBB}
	EndGlobalSection
EndGlobal
